
Microsoft Visual Studio Solution File, Format Version 12.00
# Visual Studio 2013
VisualStudioVersion = 12.0.21005.1
MinimumVisualStudioVersion = 10.0.40219.1
Project("{FAE04EC0-301F-11D3-BF4B-00C04F79EFBC}") = "CalculateBL", "Task3\CalculateBL.csproj", "{08A8EE4E-D964-46FF-B742-FE5B98A512F5}"
EndProject
Project("{FAE04EC0-301F-11D3-BF4B-00C04F79EFBC}") = "WpfApp", "WpfApplication1\WpfApp.csproj", "{5B808AD2-8D1C-4A72-ADD7-FB4E197063C9}"
EndProject
Project("{FAE04EC0-301F-11D3-BF4B-00C04F79EFBC}") = "CalculateBLTest", "UnitTestProject1\CalculateBLTest.csproj", "{FFAD9B1B-B8F7-4AD2-805A-68D28E0B90DB}"
EndProject
Global
	GlobalSection(SolutionConfigurationPlatforms) = preSolution
		Debug|Any CPU = Debug|Any CPU
		Release|Any CPU = Release|Any CPU
	EndGlobalSection
	GlobalSection(ProjectConfigurationPlatforms) = postSolution
		{08A8EE4E-D964-46FF-B742-FE5B98A512F5}.Debug|Any CPU.ActiveCfg = Debug|Any CPU
		{08A8EE4E-D964-46FF-B742-FE5B98A512F5}.Debug|Any CPU.Build.0 = Debug|Any CPU
		{08A8EE4E-D964-46FF-B742-FE5B98A512F5}.Release|Any CPU.ActiveCfg = Release|Any CPU
		{08A8EE4E-D964-46FF-B742-FE5B98A512F5}.Release|Any CPU.Build.0 = Release|Any CPU
		{5B808AD2-8D1C-4A72-ADD7-FB4E197063C9}.Debug|Any CPU.ActiveCfg = Debug|Any CPU
		{5B808AD2-8D1C-4A72-ADD7-FB4E197063C9}.Debug|Any CPU.Build.0 = Debug|Any CPU
		{5B808AD2-8D1C-4A72-ADD7-FB4E197063C9}.Release|Any CPU.ActiveCfg = Release|Any CPU
		{5B808AD2-8D1C-4A72-ADD7-FB4E197063C9}.Release|Any CPU.Build.0 = Release|Any CPU
		{FFAD9B1B-B8F7-4AD2-805A-68D28E0B90DB}.Debug|Any CPU.ActiveCfg = Debug|Any CPU
		{FFAD9B1B-B8F7-4AD2-805A-68D28E0B90DB}.Debug|Any CPU.Build.0 = Debug|Any CPU
		{FFAD9B1B-B8F7-4AD2-805A-68D28E0B90DB}.Release|Any CPU.ActiveCfg = Release|Any CPU
		{FFAD9B1B-B8F7-4AD2-805A-68D28E0B90DB}.Release|Any CPU.Build.0 = Release|Any CPU
	EndGlobalSection
	GlobalSection(SolutionProperties) = preSolution
		HideSolutionNode = FALSE
	EndGlobalSection
EndGlobal
