
Microsoft Visual Studio Solution File, Format Version 12.00
# Visual Studio 2013
VisualStudioVersion = 12.0.21005.1
MinimumVisualStudioVersion = 10.0.40219.1
Project("{FAE04EC0-301F-11D3-BF4B-00C04F79EFBC}") = "Figure", "Tringle\Figure.csproj", "{CCEE27AE-1B71-4CC3-8A63-A1E0C12A96A7}"
EndProject
Project("{FAE04EC0-301F-11D3-BF4B-00C04F79EFBC}") = "TringleConsoleApp", "TringleConsoleApp\TringleConsoleApp.csproj", "{D0F2C1AC-8CC4-49E8-B30B-4406AAC63213}"
EndProject
Project("{FAE04EC0-301F-11D3-BF4B-00C04F79EFBC}") = "UnitTest", "UnitTest\UnitTest.csproj", "{6CEDD8BE-17A6-447A-89D5-552A00DA295C}"
EndProject
Global
	GlobalSection(SolutionConfigurationPlatforms) = preSolution
		Debug|Any CPU = Debug|Any CPU
		Release|Any CPU = Release|Any CPU
	EndGlobalSection
	GlobalSection(ProjectConfigurationPlatforms) = postSolution
		{CCEE27AE-1B71-4CC3-8A63-A1E0C12A96A7}.Debug|Any CPU.ActiveCfg = Debug|Any CPU
		{CCEE27AE-1B71-4CC3-8A63-A1E0C12A96A7}.Debug|Any CPU.Build.0 = Debug|Any CPU
		{CCEE27AE-1B71-4CC3-8A63-A1E0C12A96A7}.Release|Any CPU.ActiveCfg = Release|Any CPU
		{CCEE27AE-1B71-4CC3-8A63-A1E0C12A96A7}.Release|Any CPU.Build.0 = Release|Any CPU
		{D0F2C1AC-8CC4-49E8-B30B-4406AAC63213}.Debug|Any CPU.ActiveCfg = Debug|Any CPU
		{D0F2C1AC-8CC4-49E8-B30B-4406AAC63213}.Debug|Any CPU.Build.0 = Debug|Any CPU
		{D0F2C1AC-8CC4-49E8-B30B-4406AAC63213}.Release|Any CPU.ActiveCfg = Release|Any CPU
		{D0F2C1AC-8CC4-49E8-B30B-4406AAC63213}.Release|Any CPU.Build.0 = Release|Any CPU
		{6CEDD8BE-17A6-447A-89D5-552A00DA295C}.Debug|Any CPU.ActiveCfg = Debug|Any CPU
		{6CEDD8BE-17A6-447A-89D5-552A00DA295C}.Debug|Any CPU.Build.0 = Debug|Any CPU
		{6CEDD8BE-17A6-447A-89D5-552A00DA295C}.Release|Any CPU.ActiveCfg = Release|Any CPU
		{6CEDD8BE-17A6-447A-89D5-552A00DA295C}.Release|Any CPU.Build.0 = Release|Any CPU
	EndGlobalSection
	GlobalSection(SolutionProperties) = preSolution
		HideSolutionNode = FALSE
	EndGlobalSection
EndGlobal
