
Microsoft Visual Studio Solution File, Format Version 12.00
# Visual Studio 2013
VisualStudioVersion = 12.0.21005.1
MinimumVisualStudioVersion = 10.0.40219.1
Project("{FAE04EC0-301F-11D3-BF4B-00C04F79EFBC}") = "Task9", "task09\Task9.csproj", "{66EFD25E-C8FA-4173-B1C6-3ACBE735AC21}"
EndProject
Project("{FAE04EC0-301F-11D3-BF4B-00C04F79EFBC}") = "wpf", "wpf\wpf.csproj", "{28A347BB-1A9F-4AB0-B1F2-6C70FE471C57}"
EndProject
Global
	GlobalSection(SolutionConfigurationPlatforms) = preSolution
		Debug|Any CPU = Debug|Any CPU
		Release|Any CPU = Release|Any CPU
	EndGlobalSection
	GlobalSection(ProjectConfigurationPlatforms) = postSolution
		{66EFD25E-C8FA-4173-B1C6-3ACBE735AC21}.Debug|Any CPU.ActiveCfg = Debug|Any CPU
		{66EFD25E-C8FA-4173-B1C6-3ACBE735AC21}.Debug|Any CPU.Build.0 = Debug|Any CPU
		{66EFD25E-C8FA-4173-B1C6-3ACBE735AC21}.Release|Any CPU.ActiveCfg = Release|Any CPU
		{66EFD25E-C8FA-4173-B1C6-3ACBE735AC21}.Release|Any CPU.Build.0 = Release|Any CPU
		{28A347BB-1A9F-4AB0-B1F2-6C70FE471C57}.Debug|Any CPU.ActiveCfg = Debug|Any CPU
		{28A347BB-1A9F-4AB0-B1F2-6C70FE471C57}.Debug|Any CPU.Build.0 = Debug|Any CPU
		{28A347BB-1A9F-4AB0-B1F2-6C70FE471C57}.Release|Any CPU.ActiveCfg = Release|Any CPU
		{28A347BB-1A9F-4AB0-B1F2-6C70FE471C57}.Release|Any CPU.Build.0 = Release|Any CPU
	EndGlobalSection
	GlobalSection(SolutionProperties) = preSolution
		HideSolutionNode = FALSE
	EndGlobalSection
EndGlobal
